Microsoft Visual Studio Solution File, Format Version 12.00
# Visual Studio Version 17
VisualStudioVersion = 17.5.2.0
MinimumVisualStudioVersion = 10.0.40219.1
Project("{FAE04EC0-301F-11D3-BF4B-00C04F79EFBC}") = "Exercicio07-04", "Exercicio07-04.csproj", "{F03E8D92-FD5E-2545-7A3F-18B955BC6FE6}"
EndProject
Global
	GlobalSection(SolutionConfigurationPlatforms) = preSolution
		Debug|Any CPU = Debug|Any CPU
		Release|Any CPU = Release|Any CPU
	EndGlobalSection
	GlobalSection(ProjectConfigurationPlatforms) = postSolution
		{F03E8D92-FD5E-2545-7A3F-18B955BC6FE6}.Debug|Any CPU.ActiveCfg = Debug|Any CPU
		{F03E8D92-FD5E-2545-7A3F-18B955BC6FE6}.Debug|Any CPU.Build.0 = Debug|Any CPU
		{F03E8D92-FD5E-2545-7A3F-18B955BC6FE6}.Release|Any CPU.ActiveCfg = Release|Any CPU
		{F03E8D92-FD5E-2545-7A3F-18B955BC6FE6}.Release|Any CPU.Build.0 = Release|Any CPU
	EndGlobalSection
	GlobalSection(SolutionProperties) = preSolution
		HideSolutionNode = FALSE
	EndGlobalSection
	GlobalSection(ExtensibilityGlobals) = postSolution
		SolutionGuid = {DDAC2EFC-DFDB-4B9F-A12A-94A515E66EAD}
	EndGlobalSection
EndGlobal
